
Microsoft Visual Studio Solution File, Format Version 12.00
# Visual Studio 2012
Project("{FAE04EC0-301F-11D3-BF4B-00C04F79EFBC}") = "lab1Q1", "lab1Q1\lab1Q1.csproj", "{A7E1A03B-1158-46F1-9908-6DF51642E4AB}"
EndProject
Global
	GlobalSection(SolutionConfigurationPlatforms) = preSolution
		Debug|Any CPU = Debug|Any CPU
		Release|Any CPU = Release|Any CPU
	EndGlobalSection
	GlobalSection(ProjectConfigurationPlatforms) = postSolution
		{A7E1A03B-1158-46F1-9908-6DF51642E4AB}.Debug|Any CPU.ActiveCfg = Debug|Any CPU
		{A7E1A03B-1158-46F1-9908-6DF51642E4AB}.Debug|Any CPU.Build.0 = Debug|Any CPU
		{A7E1A03B-1158-46F1-9908-6DF51642E4AB}.Release|Any CPU.ActiveCfg = Release|Any CPU
		{A7E1A03B-1158-46F1-9908-6DF51642E4AB}.Release|Any CPU.Build.0 = Release|Any CPU
	EndGlobalSection
	GlobalSection(SolutionProperties) = preSolution
		HideSolutionNode = FALSE
	EndGlobalSection
EndGlobal
